
Microsoft Visual Studio Solution File, Format Version 12.00
# Visual Studio Version 17
VisualStudioVersion = 17.12.35707.178
MinimumVisualStudioVersion = 10.0.40219.1
Project("{FAE04EC0-301F-11D3-BF4B-00C04F79EFBC}") = "DVLD_Project", "DVLD_Project.csproj", "{07150E76-F138-4FFE-9B7C-51A7DDBD18EE}"
EndProject
Project("{FAE04EC0-301F-11D3-BF4B-00C04F79EFBC}") = "DVLD_BusinnesLayer", "..\DVLD_BusinnesLayer\DVLD_BusinnesLayer.csproj", "{795CBDFE-7E5C-44D9-B711-1980EB454FDC}"
EndProject
Project("{FAE04EC0-301F-11D3-BF4B-00C04F79EFBC}") = "DVLD_DataAccessLayer", "..\DVLD_DataAccessLayer\DVLD_DataAccessLayer.csproj", "{3BABBDF9-4933-4473-982B-93B4B376AADE}"
EndProject
Global
	GlobalSection(SolutionConfigurationPlatforms) = preSolution
		Debug|Any CPU = Debug|Any CPU
		Release|Any CPU = Release|Any CPU
	EndGlobalSection
	GlobalSection(ProjectConfigurationPlatforms) = postSolution
		{07150E76-F138-4FFE-9B7C-51A7DDBD18EE}.Debug|Any CPU.ActiveCfg = Debug|Any CPU
		{07150E76-F138-4FFE-9B7C-51A7DDBD18EE}.Debug|Any CPU.Build.0 = Debug|Any CPU
		{07150E76-F138-4FFE-9B7C-51A7DDBD18EE}.Release|Any CPU.ActiveCfg = Release|Any CPU
		{07150E76-F138-4FFE-9B7C-51A7DDBD18EE}.Release|Any CPU.Build.0 = Release|Any CPU
		{795CBDFE-7E5C-44D9-B711-1980EB454FDC}.Debug|Any CPU.ActiveCfg = Debug|Any CPU
		{795CBDFE-7E5C-44D9-B711-1980EB454FDC}.Debug|Any CPU.Build.0 = Debug|Any CPU
		{795CBDFE-7E5C-44D9-B711-1980EB454FDC}.Release|Any CPU.ActiveCfg = Release|Any CPU
		{795CBDFE-7E5C-44D9-B711-1980EB454FDC}.Release|Any CPU.Build.0 = Release|Any CPU
		{3BABBDF9-4933-4473-982B-93B4B376AADE}.Debug|Any CPU.ActiveCfg = Debug|Any CPU
		{3BABBDF9-4933-4473-982B-93B4B376AADE}.Debug|Any CPU.Build.0 = Debug|Any CPU
		{3BABBDF9-4933-4473-982B-93B4B376AADE}.Release|Any CPU.ActiveCfg = Release|Any CPU
		{3BABBDF9-4933-4473-982B-93B4B376AADE}.Release|Any CPU.Build.0 = Release|Any CPU
	EndGlobalSection
	GlobalSection(SolutionProperties) = preSolution
		HideSolutionNode = FALSE
	EndGlobalSection
	GlobalSection(ExtensibilityGlobals) = postSolution
		SolutionGuid = {880A7280-6629-4272-BE06-E74097A56E82}
	EndGlobalSection
EndGlobal
